// !$*UTF8*$!
{
	archiveVersion = 1;
	classes = {
	};
	objectVersion = 56;
	objects = {

/* Begin PBXBuildFile section */
		2F069AE62A88004200FA6C55 /* InfoScene.swift in Sources */ = {isa = PBXBuildFile; fileRef = 2F069AE52A88004200FA6C55 /* InfoScene.swift */; };
		2F069AE82A88005500FA6C55 /* InfoScene.sks in Resources */ = {isa = PBXBuildFile; fileRef = 2F069AE72A88005400FA6C55 /* InfoScene.sks */; };
		2F06F6CA2A887F960072CF82 /* game-music.mp3 in Resources */ = {isa = PBXBuildFile; fileRef = 2F06F6C92A887F950072CF82 /* game-music.mp3 */; };
		2F06F6D12A8891990072CF82 /* pigeon.mp3 in Resources */ = {isa = PBXBuildFile; fileRef = 2F06F6CB2A8891990072CF82 /* pigeon.mp3 */; };
		2F06F6D32A8891990072CF82 /* chucke.mp3 in Resources */ = {isa = PBXBuildFile; fileRef = 2F06F6CD2A8891990072CF82 /* chucke.mp3 */; };
		2F06F6D42A8891990072CF82 /* birds-chirping.mp3 in Resources */ = {isa = PBXBuildFile; fileRef = 2F06F6CE2A8891990072CF82 /* birds-chirping.mp3 */; };
		2F06F6D62A8891990072CF82 /* cat.mp3 in Resources */ = {isa = PBXBuildFile; fileRef = 2F06F6D02A8891990072CF82 /* cat.mp3 */; };
		2F06F6D82A889DB00072CF82 /* paper.mp3 in Resources */ = {isa = PBXBuildFile; fileRef = 2F06F6D72A889DB00072CF82 /* paper.mp3 */; };
		2F06F6DA2A889E380072CF82 /* dog.mp3 in Resources */ = {isa = PBXBuildFile; fileRef = 2F06F6D92A889E380072CF82 /* dog.mp3 */; };
		2F3B4C2E2A87327900858B73 /* Scene2.sks in Resources */ = {isa = PBXBuildFile; fileRef = 2F3B4C2D2A87327900858B73 /* Scene2.sks */; };
		2F3B4C302A87328200858B73 /* Scene2.swift in Sources */ = {isa = PBXBuildFile; fileRef = 2F3B4C2F2A87328200858B73 /* Scene2.swift */; };
		2F443D662A881ECC00D52FE4 /* MenuScene.swift in Sources */ = {isa = PBXBuildFile; fileRef = 2F443D652A881ECC00D52FE4 /* MenuScene.swift */; };
		2F443D682A881EDF00D52FE4 /* MenuScene.sks in Resources */ = {isa = PBXBuildFile; fileRef = 2F443D672A881EDF00D52FE4 /* MenuScene.sks */; };
		2F6A350F2A89841E00546154 /* click.mp3 in Resources */ = {isa = PBXBuildFile; fileRef = 2F6A350E2A89841E00546154 /* click.mp3 */; };
		2F6B0C8C2A871D73009BC1A9 /* AppDelegate.swift in Sources */ = {isa = PBXBuildFile; fileRef = 2F6B0C8B2A871D73009BC1A9 /* AppDelegate.swift */; };
		2F6B0C8E2A871D73009BC1A9 /* GameScene.sks in Resources */ = {isa = PBXBuildFile; fileRef = 2F6B0C8D2A871D73009BC1A9 /* GameScene.sks */; };
		2F6B0C922A871D73009BC1A9 /* GameScene.swift in Sources */ = {isa = PBXBuildFile; fileRef = 2F6B0C912A871D73009BC1A9 /* GameScene.swift */; };
		2F6B0C942A871D73009BC1A9 /* ViewController.swift in Sources */ = {isa = PBXBuildFile; fileRef = 2F6B0C932A871D73009BC1A9 /* ViewController.swift */; };
		2F6B0C962A871D73009BC1A9 /* Assets.xcassets in Resources */ = {isa = PBXBuildFile; fileRef = 2F6B0C952A871D73009BC1A9 /* Assets.xcassets */; };
		2F6B0C992A871D73009BC1A9 /* Main.storyboard in Resources */ = {isa = PBXBuildFile; fileRef = 2F6B0C972A871D73009BC1A9 /* Main.storyboard */; };
		C5654D432A885FFA000CD527 /* Scene3.swift in Sources */ = {isa = PBXBuildFile; fileRef = C5654D422A885FFA000CD527 /* Scene3.swift */; };
		C5654D472A886037000CD527 /* Scene3.sks in Resources */ = {isa = PBXBuildFile; fileRef = C5654D462A886037000CD527 /* Scene3.sks */; };
		C5654D4B2A89713A000CD527 /* Bellota-Bold.ttf in Resources */ = {isa = PBXBuildFile; fileRef = C5654D4A2A89713A000CD527 /* Bellota-Bold.ttf */; };
		C5654D4F2A8974A9000CD527 /* Fredoka-Regular.ttf in Resources */ = {isa = PBXBuildFile; fileRef = C5654D4D2A8974A9000CD527 /* Fredoka-Regular.ttf */; };
		C5654D502A8974A9000CD527 /* Fredoka-Medium.ttf in Resources */ = {isa = PBXBuildFile; fileRef = C5654D4E2A8974A9000CD527 /* Fredoka-Medium.ttf */; };
/* End PBXBuildFile section */

/* Begin PBXFileReference section */
		2F069AE52A88004200FA6C55 /* InfoScene.swift */ = {isa = PBXFileReference; lastKnownFileType = sourcecode.swift; path = InfoScene.swift; sourceTree = "<group>"; };
		2F069AE72A88005400FA6C55 /* InfoScene.sks */ = {isa = PBXFileReference; lastKnownFileType = file.sks; path = InfoScene.sks; sourceTree = "<group>"; };
		2F06F6C92A887F950072CF82 /* game-music.mp3 */ = {isa = PBXFileReference; lastKnownFileType = audio.mp3; path = "game-music.mp3"; sourceTree = "<group>"; };
		2F06F6CB2A8891990072CF82 /* pigeon.mp3 */ = {isa = PBXFileReference; lastKnownFileType = audio.mp3; path = pigeon.mp3; sourceTree = "<group>"; };
		2F06F6CD2A8891990072CF82 /* chucke.mp3 */ = {isa = PBXFileReference; lastKnownFileType = audio.mp3; path = chucke.mp3; sourceTree = "<group>"; };
		2F06F6CE2A8891990072CF82 /* birds-chirping.mp3 */ = {isa = PBXFileReference; lastKnownFileType = audio.mp3; path = "birds-chirping.mp3"; sourceTree = "<group>"; };
		2F06F6D02A8891990072CF82 /* cat.mp3 */ = {isa = PBXFileReference; lastKnownFileType = audio.mp3; path = cat.mp3; sourceTree = "<group>"; };
		2F06F6D72A889DB00072CF82 /* paper.mp3 */ = {isa = PBXFileReference; lastKnownFileType = audio.mp3; path = paper.mp3; sourceTree = "<group>"; };
		2F06F6D92A889E380072CF82 /* dog.mp3 */ = {isa = PBXFileReference; lastKnownFileType = audio.mp3; path = dog.mp3; sourceTree = "<group>"; };
		2F3B4C2D2A87327900858B73 /* Scene2.sks */ = {isa = PBXFileReference; lastKnownFileType = file.sks; path = Scene2.sks; sourceTree = "<group>"; };
		2F3B4C2F2A87328200858B73 /* Scene2.swift */ = {isa = PBXFileReference; lastKnownFileType = sourcecode.swift; path = Scene2.swift; sourceTree = "<group>"; };
		2F443D652A881ECC00D52FE4 /* MenuScene.swift */ = {isa = PBXFileReference; lastKnownFileType = sourcecode.swift; path = MenuScene.swift; sourceTree = "<group>"; };
		2F443D672A881EDF00D52FE4 /* MenuScene.sks */ = {isa = PBXFileReference; lastKnownFileType = file.sks; path = MenuScene.sks; sourceTree = "<group>"; };
		2F6A350E2A89841E00546154 /* click.mp3 */ = {isa = PBXFileReference; lastKnownFileType = audio.mp3; path = click.mp3; sourceTree = "<group>"; };
		2F6B0C882A871D73009BC1A9 /* POV-Pare-e-Observe-a-Vizinhanca.app */ = {isa = PBXFileReference; explicitFileType = wrapper.application; includeInIndex = 0; path = "POV-Pare-e-Observe-a-Vizinhanca.app"; sourceTree = BUILT_PRODUCTS_DIR; };
		2F6B0C8B2A871D73009BC1A9 /* AppDelegate.swift */ = {isa = PBXFileReference; lastKnownFileType = sourcecode.swift; path = AppDelegate.swift; sourceTree = "<group>"; };
		2F6B0C8D2A871D73009BC1A9 /* GameScene.sks */ = {isa = PBXFileReference; lastKnownFileType = file.sks; path = GameScene.sks; sourceTree = "<group>"; };
		2F6B0C912A871D73009BC1A9 /* GameScene.swift */ = {isa = PBXFileReference; lastKnownFileType = sourcecode.swift; path = GameScene.swift; sourceTree = "<group>"; };
		2F6B0C932A871D73009BC1A9 /* ViewController.swift */ = {isa = PBXFileReference; lastKnownFileType = sourcecode.swift; path = ViewController.swift; sourceTree = "<group>"; };
		2F6B0C952A871D73009BC1A9 /* Assets.xcassets */ = {isa = PBXFileReference; lastKnownFileType = folder.assetcatalog; path = Assets.xcassets; sourceTree = "<group>"; };
		2F6B0C982A871D73009BC1A9 /* Base */ = {isa = PBXFileReference; lastKnownFileType = file.storyboard; name = Base; path = Base.lproj/Main.storyboard; sourceTree = "<group>"; };
		2F6B0C9A2A871D73009BC1A9 /* wgj2023.entitlements */ = {isa = PBXFileReference; lastKnownFileType = text.plist.entitlements; path = wgj2023.entitlements; sourceTree = "<group>"; };
		C5654D422A885FFA000CD527 /* Scene3.swift */ = {isa = PBXFileReference; lastKnownFileType = sourcecode.swift; path = Scene3.swift; sourceTree = "<group>"; };
		C5654D462A886037000CD527 /* Scene3.sks */ = {isa = PBXFileReference; lastKnownFileType = file.sks; path = Scene3.sks; sourceTree = "<group>"; };
		C5654D4A2A89713A000CD527 /* Bellota-Bold.ttf */ = {isa = PBXFileReference; lastKnownFileType = file; path = "Bellota-Bold.ttf"; sourceTree = "<group>"; };
		C5654D4C2A897263000CD527 /* Info.plist */ = {isa = PBXFileReference; lastKnownFileType = text.plist; path = Info.plist; sourceTree = "<group>"; };
		C5654D4D2A8974A9000CD527 /* Fredoka-Regular.ttf */ = {isa = PBXFileReference; lastKnownFileType = file; path = "Fredoka-Regular.ttf"; sourceTree = "<group>"; };
		C5654D4E2A8974A9000CD527 /* Fredoka-Medium.ttf */ = {isa = PBXFileReference; lastKnownFileType = file; path = "Fredoka-Medium.ttf"; sourceTree = "<group>"; };
/* End PBXFileReference section */

/* Begin PBXFrameworksBuildPhase section */
		2F6B0C852A871D73009BC1A9 /* Frameworks */ = {
			isa = PBXFrameworksBuildPhase;
			buildActionMask = 2147483647;
			files = (
			);
			runOnlyForDeploymentPostprocessing = 0;
		};
/* End PBXFrameworksBuildPhase section */

/* Begin PBXGroup section */
		2F6B0C7F2A871D73009BC1A9 = {
			isa = PBXGroup;
			children = (
				2F6B0C8A2A871D73009BC1A9 /* wgj2023 */,
				2F6B0C892A871D73009BC1A9 /* Products */,
			);
			sourceTree = "<group>";
		};
		2F6B0C892A871D73009BC1A9 /* Products */ = {
			isa = PBXGroup;
			children = (
				2F6B0C882A871D73009BC1A9 /* POV-Pare-e-Observe-a-Vizinhanca.app */,
			);
			name = Products;
			sourceTree = "<group>";
		};
		2F6B0C8A2A871D73009BC1A9 /* wgj2023 */ = {
			isa = PBXGroup;
			children = (
				C5654D4C2A897263000CD527 /* Info.plist */,
				2F6B0C8B2A871D73009BC1A9 /* AppDelegate.swift */,
				2F069AE72A88005400FA6C55 /* InfoScene.sks */,
				2F069AE52A88004200FA6C55 /* InfoScene.swift */,
				2F443D672A881EDF00D52FE4 /* MenuScene.sks */,
				2F443D652A881ECC00D52FE4 /* MenuScene.swift */,
				2F6B0C8D2A871D73009BC1A9 /* GameScene.sks */,
				2F6B0C912A871D73009BC1A9 /* GameScene.swift */,
				2F3B4C2D2A87327900858B73 /* Scene2.sks */,
				2F3B4C2F2A87328200858B73 /* Scene2.swift */,
				C5654D462A886037000CD527 /* Scene3.sks */,
				C5654D422A885FFA000CD527 /* Scene3.swift */,
				2F6B0C932A871D73009BC1A9 /* ViewController.swift */,
				2F6B0C952A871D73009BC1A9 /* Assets.xcassets */,
				2F6B0C972A871D73009BC1A9 /* Main.storyboard */,
				2F6B0C9A2A871D73009BC1A9 /* wgj2023.entitlements */,
				C5654D482A897098000CD527 /* Sounds */,
				C5654D492A8970B9000CD527 /* Fonts */,
			);
			path = wgj2023;
			sourceTree = "<group>";
		};
		C5654D482A897098000CD527 /* Sounds */ = {
			isa = PBXGroup;
			children = (
				2F06F6C92A887F950072CF82 /* game-music.mp3 */,
				2F06F6CE2A8891990072CF82 /* birds-chirping.mp3 */,
				2F06F6CB2A8891990072CF82 /* pigeon.mp3 */,
				2F06F6D02A8891990072CF82 /* cat.mp3 */,
				2F06F6CD2A8891990072CF82 /* chucke.mp3 */,
				2F06F6D72A889DB00072CF82 /* paper.mp3 */,
				2F06F6D92A889E380072CF82 /* dog.mp3 */,
				2F6A350E2A89841E00546154 /* click.mp3 */,
			);
			path = Sounds;
			sourceTree = "<group>";
		};
		C5654D492A8970B9000CD527 /* Fonts */ = {
			isa = PBXGroup;
			children = (
				C5654D4E2A8974A9000CD527 /* Fredoka-Medium.ttf */,
				C5654D4D2A8974A9000CD527 /* Fredoka-Regular.ttf */,
				C5654D4A2A89713A000CD527 /* Bellota-Bold.ttf */,
			);
			path = Fonts;
			sourceTree = "<group>";
		};
/* End PBXGroup section */

/* Begin PBXNativeTarget section */
		2F6B0C872A871D73009BC1A9 /* POV-Pare-e-Observe-a-Vizinhanca */ = {
			isa = PBXNativeTarget;
			buildConfigurationList = 2F6B0C9D2A871D73009BC1A9 /* Build configuration list for PBXNativeTarget "POV-Pare-e-Observe-a-Vizinhanca" */;
			buildPhases = (
				2F6B0C842A871D73009BC1A9 /* Sources */,
				2F6B0C852A871D73009BC1A9 /* Frameworks */,
				2F6B0C862A871D73009BC1A9 /* Resources */,
			);
			buildRules = (
			);
			dependencies = (
			);
			name = "POV-Pare-e-Observe-a-Vizinhanca";
			productName = wgj2023;
			productReference = 2F6B0C882A871D73009BC1A9 /* POV-Pare-e-Observe-a-Vizinhanca.app */;
			productType = "com.apple.product-type.application";
		};
/* End PBXNativeTarget section */

/* Begin PBXProject section */
		2F6B0C802A871D73009BC1A9 /* Project object */ = {
			isa = PBXProject;
			attributes = {
				BuildIndependentTargetsInParallel = 1;
				LastSwiftUpdateCheck = 1430;
				LastUpgradeCheck = 1430;
				TargetAttributes = {
					2F6B0C872A871D73009BC1A9 = {
						CreatedOnToolsVersion = 14.3.1;
					};
				};
			};
			buildConfigurationList = 2F6B0C832A871D73009BC1A9 /* Build configuration list for PBXProject "POV-Pare-e-Observe-a-Vizinhanca" */;
			compatibilityVersion = "Xcode 14.0";
			developmentRegion = en;
			hasScannedForEncodings = 0;
			knownRegions = (
				en,
				Base,
			);
			mainGroup = 2F6B0C7F2A871D73009BC1A9;
			productRefGroup = 2F6B0C892A871D73009BC1A9 /* Products */;
			projectDirPath = "";
			projectRoot = "";
			targets = (
				2F6B0C872A871D73009BC1A9 /* POV-Pare-e-Observe-a-Vizinhanca */,
			);
		};
/* End PBXProject section */

/* Begin PBXResourcesBuildPhase section */
		2F6B0C862A871D73009BC1A9 /* Resources */ = {
			isa = PBXResourcesBuildPhase;
			buildActionMask = 2147483647;
			files = (
				2F6B0C8E2A871D73009BC1A9 /* GameScene.sks in Resources */,
				2F443D682A881EDF00D52FE4 /* MenuScene.sks in Resources */,
				C5654D4B2A89713A000CD527 /* Bellota-Bold.ttf in Resources */,
				2F3B4C2E2A87327900858B73 /* Scene2.sks in Resources */,
				2F06F6CA2A887F960072CF82 /* game-music.mp3 in Resources */,
				2F069AE82A88005500FA6C55 /* InfoScene.sks in Resources */,
				2F06F6DA2A889E380072CF82 /* dog.mp3 in Resources */,
				2F6B0C962A871D73009BC1A9 /* Assets.xcassets in Resources */,
				2F06F6D62A8891990072CF82 /* cat.mp3 in Resources */,
				2F6A350F2A89841E00546154 /* click.mp3 in Resources */,
				C5654D472A886037000CD527 /* Scene3.sks in Resources */,
				C5654D4F2A8974A9000CD527 /* Fredoka-Regular.ttf in Resources */,
				C5654D502A8974A9000CD527 /* Fredoka-Medium.ttf in Resources */,
				2F06F6D42A8891990072CF82 /* birds-chirping.mp3 in Resources */,
				2F6B0C992A871D73009BC1A9 /* Main.storyboard in Resources */,
				2F06F6D12A8891990072CF82 /* pigeon.mp3 in Resources */,
				2F06F6D32A8891990072CF82 /* chucke.mp3 in Resources */,
				2F06F6D82A889DB00072CF82 /* paper.mp3 in Resources */,
			);
			runOnlyForDeploymentPostprocessing = 0;
		};
/* End PBXResourcesBuildPhase section */

/* Begin PBXSourcesBuildPhase section */
		2F6B0C842A871D73009BC1A9 /* Sources */ = {
			isa = PBXSourcesBuildPhase;
			buildActionMask = 2147483647;
			files = (
				2F069AE62A88004200FA6C55 /* InfoScene.swift in Sources */,
				2F6B0C942A871D73009BC1A9 /* ViewController.swift in Sources */,
				C5654D432A885FFA000CD527 /* Scene3.swift in Sources */,
				2F6B0C922A871D73009BC1A9 /* GameScene.swift in Sources */,
				2F443D662A881ECC00D52FE4 /* MenuScene.swift in Sources */,
				2F6B0C8C2A871D73009BC1A9 /* AppDelegate.swift in Sources */,
				2F3B4C302A87328200858B73 /* Scene2.swift in Sources */,
			);
			runOnlyForDeploymentPostprocessing = 0;
		};
/* End PBXSourcesBuildPhase section */

/* Begin PBXVariantGroup section */
		2F6B0C972A871D73009BC1A9 /* Main.storyboard */ = {
			isa = PBXVariantGroup;
			children = (
				2F6B0C982A871D73009BC1A9 /* Base */,
			);
			name = Main.storyboard;
			sourceTree = "<group>";
		};
/* End PBXVariantGroup section */

/* Begin XCBuildConfiguration section */
		2F6B0C9B2A871D73009BC1A9 /* Debug */ = {
			isa = XCBuildConfiguration;
			buildSettings = {
				ALWAYS_SEARCH_USER_PATHS = NO;
				CLANG_ANALYZER_NONNULL = YES;
				CLANG_ANALYZER_NUMBER_OBJECT_CONVERSION = YES_AGGRESSIVE;
				CLANG_CXX_LANGUAGE_STANDARD = "gnu++20";
				CLANG_ENABLE_MODULES = YES;
				CLANG_ENABLE_OBJC_ARC = YES;
				CLANG_ENABLE_OBJC_WEAK = YES;
				CLANG_WARN_BLOCK_CAPTURE_AUTORELEASING = YES;
				CLANG_WARN_BOOL_CONVERSION = YES;
				CLANG_WARN_COMMA = YES;
				CLANG_WARN_CONSTANT_CONVERSION = YES;
				CLANG_WARN_DEPRECATED_OBJC_IMPLEMENTATIONS = YES;
				CLANG_WARN_DIRECT_OBJC_ISA_USAGE = YES_ERROR;
				CLANG_WARN_DOCUMENTATION_COMMENTS = YES;
				CLANG_WARN_EMPTY_BODY = YES;
				CLANG_WARN_ENUM_CONVERSION = YES;
				CLANG_WARN_INFINITE_RECURSION = YES;
				CLANG_WARN_INT_CONVERSION = YES;
				CLANG_WARN_NON_LITERAL_NULL_CONVERSION = YES;
				CLANG_WARN_OBJC_IMPLICIT_RETAIN_SELF = YES;
				CLANG_WARN_OBJC_LITERAL_CONVERSION = YES;
				CLANG_WARN_OBJC_ROOT_CLASS = YES_ERROR;
				CLANG_WARN_QUOTED_INCLUDE_IN_FRAMEWORK_HEADER = YES;
				CLANG_WARN_RANGE_LOOP_ANALYSIS = YES;
				CLANG_WARN_STRICT_PROTOTYPES = YES;
				CLANG_WARN_SUSPICIOUS_MOVE = YES;
				CLANG_WARN_UNGUARDED_AVAILABILITY = YES_AGGRESSIVE;
				CLANG_WARN_UNREACHABLE_CODE = YES;
				CLANG_WARN__DUPLICATE_METHOD_MATCH = YES;
				COPY_PHASE_STRIP = NO;
				DEBUG_INFORMATION_FORMAT = dwarf;
				ENABLE_STRICT_OBJC_MSGSEND = YES;
				ENABLE_TESTABILITY = YES;
				GCC_C_LANGUAGE_STANDARD = gnu11;
				GCC_DYNAMIC_NO_PIC = NO;
				GCC_NO_COMMON_BLOCKS = YES;
				GCC_OPTIMIZATION_LEVEL = 0;
				GCC_PREPROCESSOR_DEFINITIONS = (
					"DEBUG=1",
					"$(inherited)",
				);
				GCC_WARN_64_TO_32_BIT_CONVERSION = YES;
				GCC_WARN_ABOUT_RETURN_TYPE = YES_ERROR;
				GCC_WARN_UNDECLARED_SELECTOR = YES;
				GCC_WARN_UNINITIALIZED_AUTOS = YES_AGGRESSIVE;
				GCC_WARN_UNUSED_FUNCTION = YES;
				GCC_WARN_UNUSED_VARIABLE = YES;
				MACOSX_DEPLOYMENT_TARGET = 13.3;
				MTL_ENABLE_DEBUG_INFO = INCLUDE_SOURCE;
				MTL_FAST_MATH = YES;
				ONLY_ACTIVE_ARCH = YES;
				SDKROOT = macosx;
				SWIFT_ACTIVE_COMPILATION_CONDITIONS = DEBUG;
				SWIFT_OPTIMIZATION_LEVEL = "-Onone";
			};
			name = Debug;
		};
		2F6B0C9C2A871D73009BC1A9 /* Release */ = {
			isa = XCBuildConfiguration;
			buildSettings = {
				ALWAYS_SEARCH_USER_PATHS = NO;
				CLANG_ANALYZER_NONNULL = YES;
				CLANG_ANALYZER_NUMBER_OBJECT_CONVERSION = YES_AGGRESSIVE;
				CLANG_CXX_LANGUAGE_STANDARD = "gnu++20";
				CLANG_ENABLE_MODULES = YES;
				CLANG_ENABLE_OBJC_ARC = YES;
				CLANG_ENABLE_OBJC_WEAK = YES;
				CLANG_WARN_BLOCK_CAPTURE_AUTORELEASING = YES;
				CLANG_WARN_BOOL_CONVERSION = YES;
				CLANG_WARN_COMMA = YES;
				CLANG_WARN_CONSTANT_CONVERSION = YES;
				CLANG_WARN_DEPRECATED_OBJC_IMPLEMENTATIONS = YES;
				CLANG_WARN_DIRECT_OBJC_ISA_USAGE = YES_ERROR;
				CLANG_WARN_DOCUMENTATION_COMMENTS = YES;
				CLANG_WARN_EMPTY_BODY = YES;
				CLANG_WARN_ENUM_CONVERSION = YES;
				CLANG_WARN_INFINITE_RECURSION = YES;
				CLANG_WARN_INT_CONVERSION = YES;
				CLANG_WARN_NON_LITERAL_NULL_CONVERSION = YES;
				CLANG_WARN_OBJC_IMPLICIT_RETAIN_SELF = YES;
				CLANG_WARN_OBJC_LITERAL_CONVERSION = YES;
				CLANG_WARN_OBJC_ROOT_CLASS = YES_ERROR;
				CLANG_WARN_QUOTED_INCLUDE_IN_FRAMEWORK_HEADER = YES;
				CLANG_WARN_RANGE_LOOP_ANALYSIS = YES;
				CLANG_WARN_STRICT_PROTOTYPES = YES;
				CLANG_WARN_SUSPICIOUS_MOVE = YES;
				CLANG_WARN_UNGUARDED_AVAILABILITY = YES_AGGRESSIVE;
				CLANG_WARN_UNREACHABLE_CODE = YES;
				CLANG_WARN__DUPLICATE_METHOD_MATCH = YES;
				COPY_PHASE_STRIP = NO;
				DEBUG_INFORMATION_FORMAT = "dwarf-with-dsym";
				ENABLE_NS_ASSERTIONS = NO;
				ENABLE_STRICT_OBJC_MSGSEND = YES;
				GCC_C_LANGUAGE_STANDARD = gnu11;
				GCC_NO_COMMON_BLOCKS = YES;
				GCC_WARN_64_TO_32_BIT_CONVERSION = YES;
				GCC_WARN_ABOUT_RETURN_TYPE = YES_ERROR;
				GCC_WARN_UNDECLARED_SELECTOR = YES;
				GCC_WARN_UNINITIALIZED_AUTOS = YES_AGGRESSIVE;
				GCC_WARN_UNUSED_FUNCTION = YES;
				GCC_WARN_UNUSED_VARIABLE = YES;
				MACOSX_DEPLOYMENT_TARGET = 13.3;
				MTL_ENABLE_DEBUG_INFO = NO;
				MTL_FAST_MATH = YES;
				SDKROOT = macosx;
				SWIFT_COMPILATION_MODE = wholemodule;
				SWIFT_OPTIMIZATION_LEVEL = "-O";
			};
			name = Release;
		};
		2F6B0C9E2A871D73009BC1A9 /* Debug */ = {
			isa = XCBuildConfiguration;
			buildSettings = {
				ASSETCATALOG_COMPILER_APPICON_NAME = AppIcon;
				ASSETCATALOG_COMPILER_GLOBAL_ACCENT_COLOR_NAME = AccentColor;
				CODE_SIGN_ENTITLEMENTS = wgj2023/wgj2023.entitlements;
				"CODE_SIGN_IDENTITY[sdk=macosx*]" = "Apple Development";
				CODE_SIGN_STYLE = Automatic;
				COMBINE_HIDPI_IMAGES = YES;
				CURRENT_PROJECT_VERSION = 1;
				DEVELOPMENT_TEAM = NK77GDR8W7;
				ENABLE_HARDENED_RUNTIME = YES;
				GENERATE_INFOPLIST_FILE = YES;
				INFOPLIST_FILE = wgj2023/Info.plist;
				INFOPLIST_KEY_NSHumanReadableCopyright = "";
				INFOPLIST_KEY_NSMainStoryboardFile = Main;
				INFOPLIST_KEY_NSPrincipalClass = NSApplication;
				LD_RUNPATH_SEARCH_PATHS = (
					"$(inherited)",
					"@executable_path/../Frameworks",
				);
				MACOSX_DEPLOYMENT_TARGET = 13.1;
				MARKETING_VERSION = 1.0;
				PRODUCT_BUNDLE_IDENTIFIER = "POV---Pare-e-Observe-a-Vizinhanca";
				PRODUCT_NAME = "$(TARGET_NAME)";
				SWIFT_EMIT_LOC_STRINGS = YES;
				SWIFT_VERSION = 5.0;
			};
			name = Debug;
		};
		2F6B0C9F2A871D73009BC1A9 /* Release */ = {
			isa = XCBuildConfiguration;
			buildSettings = {
				ASSETCATALOG_COMPILER_APPICON_NAME = AppIcon;
				ASSETCATALOG_COMPILER_GLOBAL_ACCENT_COLOR_NAME = AccentColor;
				CODE_SIGN_ENTITLEMENTS = wgj2023/wgj2023.entitlements;
				"CODE_SIGN_IDENTITY[sdk=macosx*]" = "Apple Development";
				CODE_SIGN_STYLE = Automatic;
				COMBINE_HIDPI_IMAGES = YES;
				CURRENT_PROJECT_VERSION = 1;
				DEVELOPMENT_TEAM = NK77GDR8W7;
				ENABLE_HARDENED_RUNTIME = YES;
				GENERATE_INFOPLIST_FILE = YES;
				INFOPLIST_FILE = wgj2023/Info.plist;
				INFOPLIST_KEY_NSHumanReadableCopyright = "";
				INFOPLIST_KEY_NSMainStoryboardFile = Main;
				INFOPLIST_KEY_NSPrincipalClass = NSApplication;
				LD_RUNPATH_SEARCH_PATHS = (
					"$(inherited)",
					"@executable_path/../Frameworks",
				);
				MACOSX_DEPLOYMENT_TARGET = 13.1;
				MARKETING_VERSION = 1.0;
				PRODUCT_BUNDLE_IDENTIFIER = "POV---Pare-e-Observe-a-Vizinhanca";
				PRODUCT_NAME = "$(TARGET_NAME)";
				SWIFT_EMIT_LOC_STRINGS = YES;
				SWIFT_VERSION = 5.0;
			};
			name = Release;
		};
/* End XCBuildConfiguration section */

/* Begin XCConfigurationList section */
		2F6B0C832A871D73009BC1A9 /* Build configuration list for PBXProject "POV-Pare-e-Observe-a-Vizinhanca" */ = {
			isa = XCConfigurationList;
			buildConfigurations = (
				2F6B0C9B2A871D73009BC1A9 /* Debug */,
				2F6B0C9C2A871D73009BC1A9 /* Release */,
			);
			defaultConfigurationIsVisible = 0;
			defaultConfigurationName = Release;
		};
		2F6B0C9D2A871D73009BC1A9 /* Build configuration list for PBXNativeTarget "POV-Pare-e-Observe-a-Vizinhanca" */ = {
			isa = XCConfigurationList;
			buildConfigurations = (
				2F6B0C9E2A871D73009BC1A9 /* Debug */,
				2F6B0C9F2A871D73009BC1A9 /* Release */,
			);
			defaultConfigurationIsVisible = 0;
			defaultConfigurationName = Release;
		};
/* End XCConfigurationList section */
	};
	rootObject = 2F6B0C802A871D73009BC1A9 /* Project object */;
}
